
Microsoft Visual Studio Solution File, Format Version 12.00
# Visual Studio Version 17
VisualStudioVersion = 17.1.32228.430
MinimumVisualStudioVersion = 10.0.40219.1
Project("{9A19103F-16F7-4668-BE54-9A1E7A4F7556}") = "Nuget_DataGridView_Menhsikov", "Nuget_DataGridView_Menhsikov\Nuget_DataGridView_Menhsikov.csproj", "{E6B802B1-C987-48B4-A172-84900676B66D}"
EndProject
Project("{9A19103F-16F7-4668-BE54-9A1E7A4F7556}") = "SkladNugut", "SkladNugut\SkladNugut.csproj", "{75A5F003-B373-467D-8E6A-6BF6B4CDA86C}"
EndProject
Global
	GlobalSection(SolutionConfigurationPlatforms) = preSolution
		Debug|Any CPU = Debug|Any CPU
		Release|Any CPU = Release|Any CPU
	EndGlobalSection
	GlobalSection(ProjectConfigurationPlatforms) = postSolution
		{E6B802B1-C987-48B4-A172-84900676B66D}.Debug|Any CPU.ActiveCfg = Debug|Any CPU
		{E6B802B1-C987-48B4-A172-84900676B66D}.Debug|Any CPU.Build.0 = Debug|Any CPU
		{E6B802B1-C987-48B4-A172-84900676B66D}.Release|Any CPU.ActiveCfg = Release|Any CPU
		{E6B802B1-C987-48B4-A172-84900676B66D}.Release|Any CPU.Build.0 = Release|Any CPU
		{75A5F003-B373-467D-8E6A-6BF6B4CDA86C}.Debug|Any CPU.ActiveCfg = Debug|Any CPU
		{75A5F003-B373-467D-8E6A-6BF6B4CDA86C}.Debug|Any CPU.Build.0 = Debug|Any CPU
		{75A5F003-B373-467D-8E6A-6BF6B4CDA86C}.Release|Any CPU.ActiveCfg = Release|Any CPU
		{75A5F003-B373-467D-8E6A-6BF6B4CDA86C}.Release|Any CPU.Build.0 = Release|Any CPU
	EndGlobalSection
	GlobalSection(SolutionProperties) = preSolution
		HideSolutionNode = FALSE
	EndGlobalSection
	GlobalSection(ExtensibilityGlobals) = postSolution
		SolutionGuid = {74A2F9A1-2D51-460A-BF5E-864582AD44E3}
	EndGlobalSection
EndGlobal
